
Microsoft Visual Studio Solution File, Format Version 12.00
# Visual Studio Version 17
VisualStudioVersion = 17.0.32014.148
MinimumVisualStudioVersion = 10.0.40219.1
Project("{9A19103F-16F7-4668-BE54-9A1E7A4F7556}") = "Controls", "Controls\Controls.csproj", "{5AB34541-6B1C-4090-A3CB-5C0F044FA9FD}"
EndProject
Project("{9A19103F-16F7-4668-BE54-9A1E7A4F7556}") = "Test example", "Test example\Test example.csproj", "{37E2EA4D-52ED-404C-9AD6-3D923D0AA774}"
EndProject
Project("{FAE04EC0-301F-11D3-BF4B-00C04F79EFBC}") = "LoggingExample", "LoggingExample\LoggingExample.csproj", "{D4D223ED-D0B9-4C01-A9DF-AAFBEF18AA40}"
EndProject
Project("{FAE04EC0-301F-11D3-BF4B-00C04F79EFBC}") = "HotkeysExample", "HotkeysExample\HotkeysExample.csproj", "{03AE70F6-A947-4F0A-BAE2-84B95F856610}"
EndProject
Project("{FAE04EC0-301F-11D3-BF4B-00C04F79EFBC}") = "MouseExample", "MouseExample\MouseExample.csproj", "{93B63D0D-3249-4AC2-9341-5FFC16B1F7C4}"
EndProject
Project("{FAE04EC0-301F-11D3-BF4B-00C04F79EFBC}") = "GetMousePosExample", "GetMousePosExample\GetMousePosExample.csproj", "{F042C557-A248-4A57-935A-BC2688C6A974}"
EndProject
Global
	GlobalSection(SolutionConfigurationPlatforms) = preSolution
		Debug|Any CPU = Debug|Any CPU
		Release|Any CPU = Release|Any CPU
	EndGlobalSection
	GlobalSection(ProjectConfigurationPlatforms) = postSolution
		{5AB34541-6B1C-4090-A3CB-5C0F044FA9FD}.Debug|Any CPU.ActiveCfg = Debug|Any CPU
		{5AB34541-6B1C-4090-A3CB-5C0F044FA9FD}.Debug|Any CPU.Build.0 = Debug|Any CPU
		{5AB34541-6B1C-4090-A3CB-5C0F044FA9FD}.Release|Any CPU.ActiveCfg = Release|Any CPU
		{5AB34541-6B1C-4090-A3CB-5C0F044FA9FD}.Release|Any CPU.Build.0 = Release|Any CPU
		{37E2EA4D-52ED-404C-9AD6-3D923D0AA774}.Debug|Any CPU.ActiveCfg = Debug|Any CPU
		{37E2EA4D-52ED-404C-9AD6-3D923D0AA774}.Debug|Any CPU.Build.0 = Debug|Any CPU
		{37E2EA4D-52ED-404C-9AD6-3D923D0AA774}.Release|Any CPU.ActiveCfg = Release|Any CPU
		{37E2EA4D-52ED-404C-9AD6-3D923D0AA774}.Release|Any CPU.Build.0 = Release|Any CPU
		{D4D223ED-D0B9-4C01-A9DF-AAFBEF18AA40}.Debug|Any CPU.ActiveCfg = Debug|Any CPU
		{D4D223ED-D0B9-4C01-A9DF-AAFBEF18AA40}.Debug|Any CPU.Build.0 = Debug|Any CPU
		{D4D223ED-D0B9-4C01-A9DF-AAFBEF18AA40}.Release|Any CPU.ActiveCfg = Release|Any CPU
		{D4D223ED-D0B9-4C01-A9DF-AAFBEF18AA40}.Release|Any CPU.Build.0 = Release|Any CPU
		{03AE70F6-A947-4F0A-BAE2-84B95F856610}.Debug|Any CPU.ActiveCfg = Debug|Any CPU
		{03AE70F6-A947-4F0A-BAE2-84B95F856610}.Debug|Any CPU.Build.0 = Debug|Any CPU
		{03AE70F6-A947-4F0A-BAE2-84B95F856610}.Release|Any CPU.ActiveCfg = Release|Any CPU
		{03AE70F6-A947-4F0A-BAE2-84B95F856610}.Release|Any CPU.Build.0 = Release|Any CPU
		{93B63D0D-3249-4AC2-9341-5FFC16B1F7C4}.Debug|Any CPU.ActiveCfg = Debug|Any CPU
		{93B63D0D-3249-4AC2-9341-5FFC16B1F7C4}.Debug|Any CPU.Build.0 = Debug|Any CPU
		{93B63D0D-3249-4AC2-9341-5FFC16B1F7C4}.Release|Any CPU.ActiveCfg = Release|Any CPU
		{93B63D0D-3249-4AC2-9341-5FFC16B1F7C4}.Release|Any CPU.Build.0 = Release|Any CPU
		{F042C557-A248-4A57-935A-BC2688C6A974}.Debug|Any CPU.ActiveCfg = Debug|Any CPU
		{F042C557-A248-4A57-935A-BC2688C6A974}.Debug|Any CPU.Build.0 = Debug|Any CPU
		{F042C557-A248-4A57-935A-BC2688C6A974}.Release|Any CPU.ActiveCfg = Release|Any CPU
		{F042C557-A248-4A57-935A-BC2688C6A974}.Release|Any CPU.Build.0 = Release|Any CPU
	EndGlobalSection
	GlobalSection(SolutionProperties) = preSolution
		HideSolutionNode = FALSE
	EndGlobalSection
	GlobalSection(ExtensibilityGlobals) = postSolution
		SolutionGuid = {94677284-217A-468C-BA20-AFA2096A123E}
	EndGlobalSection
EndGlobal
